lockfileVersion: '6.0'

settings:
  autoInstallPeers: true
  excludeLinksFromLockfile: false

dependencies:
  csv:
    specifier: ^6.3.6
    version: 6.3.6
  csv-parse:
    specifier: ^5.5.3
    version: 5.5.3
  csv-stringify:
    specifier: ^6.4.5
    version: 6.4.5
  sentiment:
    specifier: ^5.0.2
    version: 5.0.2

packages:

  /csv-generate@4.3.1:
    resolution: {integrity: sha512-7YeeJq+44/I/O5N2sr2qBMcHZXhpfe38eh7DOFxyMtYO+Pir7kIfgFkW5MPksqKqqR6+/wX7UGoZm1Ot11151w==}
    dev: false

  /csv-parse@5.5.3:
    resolution: {integrity: sha512-v0KW6C0qlZzoGjk6u5tLmVfyZxNgPGXZsWTXshpAgKVGmGXzaVWGdlCFxNx5iuzcXT/oJN1HHM9DZKwtAtYa+A==}
    dev: false

  /csv-stringify@6.4.5:
    resolution: {integrity: sha512-SPu1Vnh8U5EnzpNOi1NDBL5jU5Rx7DVHr15DNg9LXDTAbQlAVAmEbVt16wZvEW9Fu9Qt4Ji8kmeCJ2B1+4rFTQ==}
    dev: false

  /csv@6.3.6:
    resolution: {integrity: sha512-jsEsX2HhGp7xiwrJu5srQavKsh+HUJcCi78Ar3m4jlmFKRoTkkMy7ZZPP+LnQChmaztW+uj44oyfMb59daAs/Q==}
    engines: {node: '>= 0.1.90'}
    dependencies:
      csv-generate: 4.3.1
      csv-parse: 5.5.3
      csv-stringify: 6.4.5
      stream-transform: 3.3.0
    dev: false

  /sentiment@5.0.2:
    resolution: {integrity: sha512-ZeC3y0JsOYTdwujt5uOd7ILJNilbgFzUtg/LEG4wUv43LayFNLZ28ec8+Su+h3saHlJmIwYxBzfDHHZuiMA15g==}
    engines: {node: '>=8.0'}
    dev: false

  /stream-transform@3.3.0:
    resolution: {integrity: sha512-pG1NeDdmErNYKtvTpFayrEueAmL0xVU5wd22V7InGnatl4Ocq3HY7dcXIKj629kXvYQvglCC7CeDIGAlx1RNGA==}
    dev: false
